
Microsoft Visual Studio Solution File, Format Version 10.00
# Visual Studio 2008
Project("{FAE04EC0-301F-11D3-BF4B-00C04F79EFBC}") = "N1KRabota", "N1KRabota\N1KRabota.csproj", "{A96861DD-C808-4DD5-8608-0F55D9A60760}"
EndProject
Global
	GlobalSection(SolutionConfigurationPlatforms) = preSolution
		Debug|Any CPU = Debug|Any CPU
		Release|Any CPU = Release|Any CPU
	EndGlobalSection
	GlobalSection(ProjectConfigurationPlatforms) = postSolution
		{A96861DD-C808-4DD5-8608-0F55D9A60760}.Debug|Any CPU.ActiveCfg = Debug|Any CPU
		{A96861DD-C808-4DD5-8608-0F55D9A60760}.Debug|Any CPU.Build.0 = Debug|Any CPU
		{A96861DD-C808-4DD5-8608-0F55D9A60760}.Release|Any CPU.ActiveCfg = Release|Any CPU
		{A96861DD-C808-4DD5-8608-0F55D9A60760}.Release|Any CPU.Build.0 = Release|Any CPU
	EndGlobalSection
	GlobalSection(SolutionProperties) = preSolution
		HideSolutionNode = FALSE
	EndGlobalSection
EndGlobal
